// !$*UTF8*$!
{
	archiveVersion = 1;
	classes = {
	};
	objectVersion = 56;
	objects = {

/* Begin PBXBuildFile section */
		54B06C0E2C6CAC4D00CC324B /* LoginViewController.swift in Sources */ = {isa = PBXBuildFile; fileRef = 54B06C0D2C6CAC4D00CC324B /* LoginViewController.swift */; };
		54B06C152C6E690600CC324B /* NetworkManager.swift in Sources */ = {isa = PBXBuildFile; fileRef = 54B06C142C6E690600CC324B /* NetworkManager.swift */; };
		54B06C172C6E692F00CC324B /* PhotoModel.swift in Sources */ = {isa = PBXBuildFile; fileRef = 54B06C162C6E692F00CC324B /* PhotoModel.swift */; };
		54B06C1B2C6E786700CC324B /* VideoModel.swift in Sources */ = {isa = PBXBuildFile; fileRef = 54B06C1A2C6E786700CC324B /* VideoModel.swift */; };
		54B786AC2C67A60100B84797 /* AppDelegate.swift in Sources */ = {isa = PBXBuildFile; fileRef = 54B786AB2C67A60100B84797 /* AppDelegate.swift */; };
		54B786AE2C67A60100B84797 /* SceneDelegate.swift in Sources */ = {isa = PBXBuildFile; fileRef = 54B786AD2C67A60100B84797 /* SceneDelegate.swift */; };
		54B786B02C67A60100B84797 /* ViewController.swift in Sources */ = {isa = PBXBuildFile; fileRef = 54B786AF2C67A60100B84797 /* ViewController.swift */; };
		54B786B32C67A60100B84797 /* Base in Resources */ = {isa = PBXBuildFile; fileRef = 54B786B22C67A60100B84797 /* Base */; };
		54B786B52C67A60300B84797 /* Assets.xcassets in Resources */ = {isa = PBXBuildFile; fileRef = 54B786B42C67A60300B84797 /* Assets.xcassets */; };
		54B786B82C67A60300B84797 /* Base in Resources */ = {isa = PBXBuildFile; fileRef = 54B786B72C67A60300B84797 /* Base */; };
		54B786C22C68E74900B84797 /* MainViewController.swift in Sources */ = {isa = PBXBuildFile; fileRef = 54B786C12C68E74900B84797 /* MainViewController.swift */; };
		54B786C42C68E78400B84797 /* PhotoViewController.swift in Sources */ = {isa = PBXBuildFile; fileRef = 54B786C32C68E78400B84797 /* PhotoViewController.swift */; };
		54B786C62C68E7F500B84797 /* VideoViewController.swift in Sources */ = {isa = PBXBuildFile; fileRef = 54B786C52C68E7F500B84797 /* VideoViewController.swift */; };
		54B786C82C68E83100B84797 /* PhotoDetailViewController.swift in Sources */ = {isa = PBXBuildFile; fileRef = 54B786C72C68E83100B84797 /* PhotoDetailViewController.swift */; };
		54B786CA2C68E85800B84797 /* VideoDetailViewController.swift in Sources */ = {isa = PBXBuildFile; fileRef = 54B786C92C68E85800B84797 /* VideoDetailViewController.swift */; };
/* End PBXBuildFile section */

/* Begin PBXFileReference section */
		54B06C0D2C6CAC4D00CC324B /* LoginViewController.swift */ = {isa = PBXFileReference; lastKnownFileType = sourcecode.swift; path = LoginViewController.swift; sourceTree = "<group>"; };
		54B06C142C6E690600CC324B /* NetworkManager.swift */ = {isa = PBXFileReference; lastKnownFileType = sourcecode.swift; path = NetworkManager.swift; sourceTree = "<group>"; };
		54B06C162C6E692F00CC324B /* PhotoModel.swift */ = {isa = PBXFileReference; lastKnownFileType = sourcecode.swift; path = PhotoModel.swift; sourceTree = "<group>"; };
		54B06C1A2C6E786700CC324B /* VideoModel.swift */ = {isa = PBXFileReference; lastKnownFileType = sourcecode.swift; path = VideoModel.swift; sourceTree = "<group>"; };
		54B786A82C67A60100B84797 /* Gallery.app */ = {isa = PBXFileReference; explicitFileType = wrapper.application; includeInIndex = 0; path = Gallery.app; sourceTree = BUILT_PRODUCTS_DIR; };
		54B786AB2C67A60100B84797 /* AppDelegate.swift */ = {isa = PBXFileReference; lastKnownFileType = sourcecode.swift; path = AppDelegate.swift; sourceTree = "<group>"; };
		54B786AD2C67A60100B84797 /* SceneDelegate.swift */ = {isa = PBXFileReference; lastKnownFileType = sourcecode.swift; path = SceneDelegate.swift; sourceTree = "<group>"; };
		54B786AF2C67A60100B84797 /* ViewController.swift */ = {isa = PBXFileReference; lastKnownFileType = sourcecode.swift; path = ViewController.swift; sourceTree = "<group>"; };
		54B786B22C67A60100B84797 /* Base */ = {isa = PBXFileReference; lastKnownFileType = file.storyboard; name = Base; path = Base.lproj/Main.storyboard; sourceTree = "<group>"; };
		54B786B42C67A60300B84797 /* Assets.xcassets */ = {isa = PBXFileReference; lastKnownFileType = folder.assetcatalog; path = Assets.xcassets; sourceTree = "<group>"; };
		54B786B72C67A60300B84797 /* Base */ = {isa = PBXFileReference; lastKnownFileType = file.storyboard; name = Base; path = Base.lproj/LaunchScreen.storyboard; sourceTree = "<group>"; };
		54B786B92C67A60300B84797 /* Info.plist */ = {isa = PBXFileReference; lastKnownFileType = text.plist.xml; path = Info.plist; sourceTree = "<group>"; };
		54B786C12C68E74900B84797 /* MainViewController.swift */ = {isa = PBXFileReference; lastKnownFileType = sourcecode.swift; path = MainViewController.swift; sourceTree = "<group>"; };
		54B786C32C68E78400B84797 /* PhotoViewController.swift */ = {isa = PBXFileReference; lastKnownFileType = sourcecode.swift; path = PhotoViewController.swift; sourceTree = "<group>"; };
		54B786C52C68E7F500B84797 /* VideoViewController.swift */ = {isa = PBXFileReference; lastKnownFileType = sourcecode.swift; path = VideoViewController.swift; sourceTree = "<group>"; };
		54B786C72C68E83100B84797 /* PhotoDetailViewController.swift */ = {isa = PBXFileReference; lastKnownFileType = sourcecode.swift; path = PhotoDetailViewController.swift; sourceTree = "<group>"; };
		54B786C92C68E85800B84797 /* VideoDetailViewController.swift */ = {isa = PBXFileReference; lastKnownFileType = sourcecode.swift; path = VideoDetailViewController.swift; sourceTree = "<group>"; };
/* End PBXFileReference section */

/* Begin PBXFrameworksBuildPhase section */
		54B786A52C67A60100B84797 /* Frameworks */ = {
			isa = PBXFrameworksBuildPhase;
			buildActionMask = 2147483647;
			files = (
			);
			runOnlyForDeploymentPostprocessing = 0;
		};
/* End PBXFrameworksBuildPhase section */

/* Begin PBXGroup section */
		54B06C112C6E683500CC324B /* Photos */ = {
			isa = PBXGroup;
			children = (
				54B786C32C68E78400B84797 /* PhotoViewController.swift */,
				54B786C72C68E83100B84797 /* PhotoDetailViewController.swift */,
			);
			path = Photos;
			sourceTree = "<group>";
		};
		54B06C122C6E686A00CC324B /* Videos */ = {
			isa = PBXGroup;
			children = (
				54B786C52C68E7F500B84797 /* VideoViewController.swift */,
				54B786C92C68E85800B84797 /* VideoDetailViewController.swift */,
			);
			path = Videos;
			sourceTree = "<group>";
		};
		54B06C132C6E68AB00CC324B /* Launch */ = {
			isa = PBXGroup;
			children = (
				54B786AF2C67A60100B84797 /* ViewController.swift */,
				54B06C0D2C6CAC4D00CC324B /* LoginViewController.swift */,
			);
			path = Launch;
			sourceTree = "<group>";
		};
		54B7869F2C67A60100B84797 = {
			isa = PBXGroup;
			children = (
				54B786AA2C67A60100B84797 /* Gallery */,
				54B786A92C67A60100B84797 /* Products */,
			);
			sourceTree = "<group>";
		};
		54B786A92C67A60100B84797 /* Products */ = {
			isa = PBXGroup;
			children = (
				54B786A82C67A60100B84797 /* Gallery.app */,
			);
			name = Products;
			sourceTree = "<group>";
		};
		54B786AA2C67A60100B84797 /* Gallery */ = {
			isa = PBXGroup;
			children = (
				54B786AB2C67A60100B84797 /* AppDelegate.swift */,
				54B786AD2C67A60100B84797 /* SceneDelegate.swift */,
				54B786C12C68E74900B84797 /* MainViewController.swift */,
				54B06C132C6E68AB00CC324B /* Launch */,
				54B06C112C6E683500CC324B /* Photos */,
				54B06C122C6E686A00CC324B /* Videos */,
				54B786B12C67A60100B84797 /* Main.storyboard */,
				54B786B42C67A60300B84797 /* Assets.xcassets */,
				54B786B62C67A60300B84797 /* LaunchScreen.storyboard */,
				54B786B92C67A60300B84797 /* Info.plist */,
				54B06C142C6E690600CC324B /* NetworkManager.swift */,
				54B06C1A2C6E786700CC324B /* VideoModel.swift */,
				54B06C162C6E692F00CC324B /* PhotoModel.swift */,
			);
			path = Gallery;
			sourceTree = "<group>";
		};
/* End PBXGroup section */

/* Begin PBXNativeTarget section */
		54B786A72C67A60100B84797 /* Gallery */ = {
			isa = PBXNativeTarget;
			buildConfigurationList = 54B786BC2C67A60300B84797 /* Build configuration list for PBXNativeTarget "Gallery" */;
			buildPhases = (
				54B786A42C67A60100B84797 /* Sources */,
				54B786A52C67A60100B84797 /* Frameworks */,
				54B786A62C67A60100B84797 /* Resources */,
			);
			buildRules = (
			);
			dependencies = (
			);
			name = Gallery;
			productName = Gallery;
			productReference = 54B786A82C67A60100B84797 /* Gallery.app */;
			productType = "com.apple.product-type.application";
		};
/* End PBXNativeTarget section */

/* Begin PBXProject section */
		54B786A02C67A60100B84797 /* Project object */ = {
			isa = PBXProject;
			attributes = {
				BuildIndependentTargetsInParallel = 1;
				LastSwiftUpdateCheck = 1540;
				LastUpgradeCheck = 1540;
				TargetAttributes = {
					54B786A72C67A60100B84797 = {
						CreatedOnToolsVersion = 15.4;
					};
				};
			};
			buildConfigurationList = 54B786A32C67A60100B84797 /* Build configuration list for PBXProject "Gallery" */;
			compatibilityVersion = "Xcode 14.0";
			developmentRegion = en;
			hasScannedForEncodings = 0;
			knownRegions = (
				en,
				Base,
			);
			mainGroup = 54B7869F2C67A60100B84797;
			productRefGroup = 54B786A92C67A60100B84797 /* Products */;
			projectDirPath = "";
			projectRoot = "";
			targets = (
				54B786A72C67A60100B84797 /* Gallery */,
			);
		};
/* End PBXProject section */

/* Begin PBXResourcesBuildPhase section */
		54B786A62C67A60100B84797 /* Resources */ = {
			isa = PBXResourcesBuildPhase;
			buildActionMask = 2147483647;
			files = (
				54B786B52C67A60300B84797 /* Assets.xcassets in Resources */,
				54B786B82C67A60300B84797 /* Base in Resources */,
				54B786B32C67A60100B84797 /* Base in Resources */,
			);
			runOnlyForDeploymentPostprocessing = 0;
		};
/* End PBXResourcesBuildPhase section */

/* Begin PBXSourcesBuildPhase section */
		54B786A42C67A60100B84797 /* Sources */ = {
			isa = PBXSourcesBuildPhase;
			buildActionMask = 2147483647;
			files = (
				54B786B02C67A60100B84797 /* ViewController.swift in Sources */,
				54B786C62C68E7F500B84797 /* VideoViewController.swift in Sources */,
				54B06C152C6E690600CC324B /* NetworkManager.swift in Sources */,
				54B786AC2C67A60100B84797 /* AppDelegate.swift in Sources */,
				54B786CA2C68E85800B84797 /* VideoDetailViewController.swift in Sources */,
				54B786AE2C67A60100B84797 /* SceneDelegate.swift in Sources */,
				54B786C22C68E74900B84797 /* MainViewController.swift in Sources */,
				54B06C1B2C6E786700CC324B /* VideoModel.swift in Sources */,
				54B786C82C68E83100B84797 /* PhotoDetailViewController.swift in Sources */,
				54B06C172C6E692F00CC324B /* PhotoModel.swift in Sources */,
				54B06C0E2C6CAC4D00CC324B /* LoginViewController.swift in Sources */,
				54B786C42C68E78400B84797 /* PhotoViewController.swift in Sources */,
			);
			runOnlyForDeploymentPostprocessing = 0;
		};
/* End PBXSourcesBuildPhase section */

/* Begin PBXVariantGroup section */
		54B786B12C67A60100B84797 /* Main.storyboard */ = {
			isa = PBXVariantGroup;
			children = (
				54B786B22C67A60100B84797 /* Base */,
			);
			name = Main.storyboard;
			sourceTree = "<group>";
		};
		54B786B62C67A60300B84797 /* LaunchScreen.storyboard */ = {
			isa = PBXVariantGroup;
			children = (
				54B786B72C67A60300B84797 /* Base */,
			);
			name = LaunchScreen.storyboard;
			sourceTree = "<group>";
		};
/* End PBXVariantGroup section */

/* Begin XCBuildConfiguration section */
		54B786BA2C67A60300B84797 /* Debug */ = {
			isa = XCBuildConfiguration;
			buildSettings = {
				ALWAYS_SEARCH_USER_PATHS = NO;
				ASSETCATALOG_COMPILER_GENERATE_SWIFT_ASSET_SYMBOL_EXTENSIONS = YES;
				CLANG_ANALYZER_NONNULL = YES;
				CLANG_ANALYZER_NUMBER_OBJECT_CONVERSION = YES_AGGRESSIVE;
				CLANG_CXX_LANGUAGE_STANDARD = "gnu++20";
				CLANG_ENABLE_MODULES = YES;
				CLANG_ENABLE_OBJC_ARC = YES;
				CLANG_ENABLE_OBJC_WEAK = YES;
				CLANG_WARN_BLOCK_CAPTURE_AUTORELEASING = YES;
				CLANG_WARN_BOOL_CONVERSION = YES;
				CLANG_WARN_COMMA = YES;
				CLANG_WARN_CONSTANT_CONVERSION = YES;
				CLANG_WARN_DEPRECATED_OBJC_IMPLEMENTATIONS = YES;
				CLANG_WARN_DIRECT_OBJC_ISA_USAGE = YES_ERROR;
				CLANG_WARN_DOCUMENTATION_COMMENTS = YES;
				CLANG_WARN_EMPTY_BODY = YES;
				CLANG_WARN_ENUM_CONVERSION = YES;
				CLANG_WARN_INFINITE_RECURSION = YES;
				CLANG_WARN_INT_CONVERSION = YES;
				CLANG_WARN_NON_LITERAL_NULL_CONVERSION = YES;
				CLANG_WARN_OBJC_IMPLICIT_RETAIN_SELF = YES;
				CLANG_WARN_OBJC_LITERAL_CONVERSION = YES;
				CLANG_WARN_OBJC_ROOT_CLASS = YES_ERROR;
				CLANG_WARN_QUOTED_INCLUDE_IN_FRAMEWORK_HEADER = YES;
				CLANG_WARN_RANGE_LOOP_ANALYSIS = YES;
				CLANG_WARN_STRICT_PROTOTYPES = YES;
				CLANG_WARN_SUSPICIOUS_MOVE = YES;
				CLANG_WARN_UNGUARDED_AVAILABILITY = YES_AGGRESSIVE;
				CLANG_WARN_UNREACHABLE_CODE = YES;
				CLANG_WARN__DUPLICATE_METHOD_MATCH = YES;
				COPY_PHASE_STRIP = NO;
				DEBUG_INFORMATION_FORMAT = dwarf;
				ENABLE_STRICT_OBJC_MSGSEND = YES;
				ENABLE_TESTABILITY = YES;
				ENABLE_USER_SCRIPT_SANDBOXING = YES;
				GCC_C_LANGUAGE_STANDARD = gnu17;
				GCC_DYNAMIC_NO_PIC = NO;
				GCC_NO_COMMON_BLOCKS = YES;
				GCC_OPTIMIZATION_LEVEL = 0;
				GCC_PREPROCESSOR_DEFINITIONS = (
					"DEBUG=1",
					"$(inherited)",
				);
				GCC_WARN_64_TO_32_BIT_CONVERSION = YES;
				GCC_WARN_ABOUT_RETURN_TYPE = YES_ERROR;
				GCC_WARN_UNDECLARED_SELECTOR = YES;
				GCC_WARN_UNINITIALIZED_AUTOS = YES_AGGRESSIVE;
				GCC_WARN_UNUSED_FUNCTION = YES;
				GCC_WARN_UNUSED_VARIABLE = YES;
				IPHONEOS_DEPLOYMENT_TARGET = 17.5;
				LOCALIZATION_PREFERS_STRING_CATALOGS = YES;
				MTL_ENABLE_DEBUG_INFO = INCLUDE_SOURCE;
				MTL_FAST_MATH = YES;
				ONLY_ACTIVE_ARCH = YES;
				SDKROOT = iphoneos;
				SWIFT_ACTIVE_COMPILATION_CONDITIONS = "DEBUG $(inherited)";
				SWIFT_OPTIMIZATION_LEVEL = "-Onone";
			};
			name = Debug;
		};
		54B786BB2C67A60300B84797 /* Release */ = {
			isa = XCBuildConfiguration;
			buildSettings = {
				ALWAYS_SEARCH_USER_PATHS = NO;
				ASSETCATALOG_COMPILER_GENERATE_SWIFT_ASSET_SYMBOL_EXTENSIONS = YES;
				CLANG_ANALYZER_NONNULL = YES;
				CLANG_ANALYZER_NUMBER_OBJECT_CONVERSION = YES_AGGRESSIVE;
				CLANG_CXX_LANGUAGE_STANDARD = "gnu++20";
				CLANG_ENABLE_MODULES = YES;
				CLANG_ENABLE_OBJC_ARC = YES;
				CLANG_ENABLE_OBJC_WEAK = YES;
				CLANG_WARN_BLOCK_CAPTURE_AUTORELEASING = YES;
				CLANG_WARN_BOOL_CONVERSION = YES;
				CLANG_WARN_COMMA = YES;
				CLANG_WARN_CONSTANT_CONVERSION = YES;
				CLANG_WARN_DEPRECATED_OBJC_IMPLEMENTATIONS = YES;
				CLANG_WARN_DIRECT_OBJC_ISA_USAGE = YES_ERROR;
				CLANG_WARN_DOCUMENTATION_COMMENTS = YES;
				CLANG_WARN_EMPTY_BODY = YES;
				CLANG_WARN_ENUM_CONVERSION = YES;
				CLANG_WARN_INFINITE_RECURSION = YES;
				CLANG_WARN_INT_CONVERSION = YES;
				CLANG_WARN_NON_LITERAL_NULL_CONVERSION = YES;
				CLANG_WARN_OBJC_IMPLICIT_RETAIN_SELF = YES;
				CLANG_WARN_OBJC_LITERAL_CONVERSION = YES;
				CLANG_WARN_OBJC_ROOT_CLASS = YES_ERROR;
				CLANG_WARN_QUOTED_INCLUDE_IN_FRAMEWORK_HEADER = YES;
				CLANG_WARN_RANGE_LOOP_ANALYSIS = YES;
				CLANG_WARN_STRICT_PROTOTYPES = YES;
				CLANG_WARN_SUSPICIOUS_MOVE = YES;
				CLANG_WARN_UNGUARDED_AVAILABILITY = YES_AGGRESSIVE;
				CLANG_WARN_UNREACHABLE_CODE = YES;
				CLANG_WARN__DUPLICATE_METHOD_MATCH = YES;
				COPY_PHASE_STRIP = NO;
				DEBUG_INFORMATION_FORMAT = "dwarf-with-dsym";
				ENABLE_NS_ASSERTIONS = NO;
				ENABLE_STRICT_OBJC_MSGSEND = YES;
				ENABLE_USER_SCRIPT_SANDBOXING = YES;
				GCC_C_LANGUAGE_STANDARD = gnu17;
				GCC_NO_COMMON_BLOCKS = YES;
				GCC_WARN_64_TO_32_BIT_CONVERSION = YES;
				GCC_WARN_ABOUT_RETURN_TYPE = YES_ERROR;
				GCC_WARN_UNDECLARED_SELECTOR = YES;
				GCC_WARN_UNINITIALIZED_AUTOS = YES_AGGRESSIVE;
				GCC_WARN_UNUSED_FUNCTION = YES;
				GCC_WARN_UNUSED_VARIABLE = YES;
				IPHONEOS_DEPLOYMENT_TARGET = 17.5;
				LOCALIZATION_PREFERS_STRING_CATALOGS = YES;
				MTL_ENABLE_DEBUG_INFO = NO;
				MTL_FAST_MATH = YES;
				SDKROOT = iphoneos;
				SWIFT_COMPILATION_MODE = wholemodule;
				VALIDATE_PRODUCT = YES;
			};
			name = Release;
		};
		54B786BD2C67A60300B84797 /* Debug */ = {
			isa = XCBuildConfiguration;
			buildSettings = {
				ASSETCATALOG_COMPILER_APPICON_NAME = AppIcon;
				ASSETCATALOG_COMPILER_GLOBAL_ACCENT_COLOR_NAME = AccentColor;
				CODE_SIGN_STYLE = Automatic;
				CURRENT_PROJECT_VERSION = 1;
				DEVELOPMENT_TEAM = LU4XHFZPKM;
				GENERATE_INFOPLIST_FILE = YES;
				INFOPLIST_FILE = Gallery/Info.plist;
				INFOPLIST_KEY_UIApplicationSupportsIndirectInputEvents = YES;
				INFOPLIST_KEY_UILaunchStoryboardName = LaunchScreen;
				INFOPLIST_KEY_UIMainStoryboardFile = Main;
				INFOPLIST_KEY_UISupportedInterfaceOrientations_iPad = "UIInterfaceOrientationPortrait UIInterfaceOrientationPortraitUpsideDown UIInterfaceOrientationLandscapeLeft UIInterfaceOrientationLandscapeRight";
				INFOPLIST_KEY_UISupportedInterfaceOrientations_iPhone = "UIInterfaceOrientationPortrait UIInterfaceOrientationLandscapeLeft UIInterfaceOrientationLandscapeRight";
				LD_RUNPATH_SEARCH_PATHS = (
					"$(inherited)",
					"@executable_path/Frameworks",
				);
				MARKETING_VERSION = 1.0;
				PRODUCT_BUNDLE_IDENTIFIER = com.ariuna.Gallery;
				PRODUCT_NAME = "$(TARGET_NAME)";
				SUPPORTED_PLATFORMS = "iphoneos iphonesimulator";
				SUPPORTS_MACCATALYST = NO;
				SUPPORTS_MAC_DESIGNED_FOR_IPHONE_IPAD = NO;
				SUPPORTS_XR_DESIGNED_FOR_IPHONE_IPAD = NO;
				SWIFT_EMIT_LOC_STRINGS = YES;
				SWIFT_VERSION = 5.0;
				TARGETED_DEVICE_FAMILY = 1;
			};
			name = Debug;
		};
		54B786BE2C67A60300B84797 /* Release */ = {
			isa = XCBuildConfiguration;
			buildSettings = {
				ASSETCATALOG_COMPILER_APPICON_NAME = AppIcon;
				ASSETCATALOG_COMPILER_GLOBAL_ACCENT_COLOR_NAME = AccentColor;
				CODE_SIGN_STYLE = Automatic;
				CURRENT_PROJECT_VERSION = 1;
				DEVELOPMENT_TEAM = LU4XHFZPKM;
				GENERATE_INFOPLIST_FILE = YES;
				INFOPLIST_FILE = Gallery/Info.plist;
				INFOPLIST_KEY_UIApplicationSupportsIndirectInputEvents = YES;
				INFOPLIST_KEY_UILaunchStoryboardName = LaunchScreen;
				INFOPLIST_KEY_UIMainStoryboardFile = Main;
				INFOPLIST_KEY_UISupportedInterfaceOrientations_iPad = "UIInterfaceOrientationPortrait UIInterfaceOrientationPortraitUpsideDown UIInterfaceOrientationLandscapeLeft UIInterfaceOrientationLandscapeRight";
				INFOPLIST_KEY_UISupportedInterfaceOrientations_iPhone = "UIInterfaceOrientationPortrait UIInterfaceOrientationLandscapeLeft UIInterfaceOrientationLandscapeRight";
				LD_RUNPATH_SEARCH_PATHS = (
					"$(inherited)",
					"@executable_path/Frameworks",
				);
				MARKETING_VERSION = 1.0;
				PRODUCT_BUNDLE_IDENTIFIER = com.ariuna.Gallery;
				PRODUCT_NAME = "$(TARGET_NAME)";
				SUPPORTED_PLATFORMS = "iphoneos iphonesimulator";
				SUPPORTS_MACCATALYST = NO;
				SUPPORTS_MAC_DESIGNED_FOR_IPHONE_IPAD = NO;
				SUPPORTS_XR_DESIGNED_FOR_IPHONE_IPAD = NO;
				SWIFT_EMIT_LOC_STRINGS = YES;
				SWIFT_VERSION = 5.0;
				TARGETED_DEVICE_FAMILY = 1;
			};
			name = Release;
		};
/* End XCBuildConfiguration section */

/* Begin XCConfigurationList section */
		54B786A32C67A60100B84797 /* Build configuration list for PBXProject "Gallery" */ = {
			isa = XCConfigurationList;
			buildConfigurations = (
				54B786BA2C67A60300B84797 /* Debug */,
				54B786BB2C67A60300B84797 /* Release */,
			);
			defaultConfigurationIsVisible = 0;
			defaultConfigurationName = Release;
		};
		54B786BC2C67A60300B84797 /* Build configuration list for PBXNativeTarget "Gallery" */ = {
			isa = XCConfigurationList;
			buildConfigurations = (
				54B786BD2C67A60300B84797 /* Debug */,
				54B786BE2C67A60300B84797 /* Release */,
			);
			defaultConfigurationIsVisible = 0;
			defaultConfigurationName = Release;
		};
/* End XCConfigurationList section */
	};
	rootObject = 54B786A02C67A60100B84797 /* Project object */;
}
